// !$*UTF8*$!
{
	archiveVersion = 1;
	classes = {
	};
	objectVersion = 56;
	objects = {

/* Begin PBXBuildFile section */
		740E80B12A77A4CB00D92D24 /* morsenatorApp.swift in Sources */ = {isa = PBXBuildFile; fileRef = 740E80B02A77A4CB00D92D24 /* morsenatorApp.swift */; };
		740E80B32A77A4CB00D92D24 /* ContentView.swift in Sources */ = {isa = PBXBuildFile; fileRef = 740E80B22A77A4CB00D92D24 /* ContentView.swift */; };
		740E80B52A77A4CC00D92D24 /* Assets.xcassets in Resources */ = {isa = PBXBuildFile; fileRef = 740E80B42A77A4CC00D92D24 /* Assets.xcassets */; };
		740E80B82A77A4CC00D92D24 /* Preview Assets.xcassets in Resources */ = {isa = PBXBuildFile; fileRef = 740E80B72A77A4CC00D92D24 /* Preview Assets.xcassets */; };
		740E80C22A77A4CC00D92D24 /* morsenatorTests.swift in Sources */ = {isa = PBXBuildFile; fileRef = 740E80C12A77A4CC00D92D24 /* morsenatorTests.swift */; };
		740E80CC2A77A4CC00D92D24 /* morsenatorUITests.swift in Sources */ = {isa = PBXBuildFile; fileRef = 740E80CB2A77A4CC00D92D24 /* morsenatorUITests.swift */; };
		740E80CE2A77A4CC00D92D24 /* morsenatorUITestsLaunchTests.swift in Sources */ = {isa = PBXBuildFile; fileRef = 740E80CD2A77A4CC00D92D24 /* morsenatorUITestsLaunchTests.swift */; };
		745642362A80E28A00C2D910 /* MainView.swift in Sources */ = {isa = PBXBuildFile; fileRef = 745642322A80E28A00C2D910 /* MainView.swift */; };
		745642372A80E28A00C2D910 /* Recognator.swift in Sources */ = {isa = PBXBuildFile; fileRef = 745642332A80E28A00C2D910 /* Recognator.swift */; };
		745642382A80E28A00C2D910 /* ScannerData.swift in Sources */ = {isa = PBXBuildFile; fileRef = 745642342A80E28A00C2D910 /* ScannerData.swift */; };
		745642392A80E28A00C2D910 /* ScannerView.swift in Sources */ = {isa = PBXBuildFile; fileRef = 745642352A80E28A00C2D910 /* ScannerView.swift */; };
		7471BF302A8231A5006592BF /* MorseMainView.swift in Sources */ = {isa = PBXBuildFile; fileRef = 7471BF2F2A8231A5006592BF /* MorseMainView.swift */; };
		7491A3C02A8B81F60007D448 /* Word2Morse.swift in Sources */ = {isa = PBXBuildFile; fileRef = 7491A3BF2A8B81F60007D448 /* Word2Morse.swift */; };
		74B522112A83790700F2D57F /* morsesound.mp3 in Resources */ = {isa = PBXBuildFile; fileRef = 74B522102A83790700F2D57F /* morsesound.mp3 */; };
		93B0D5A92A78BE40005CD5D1 /* MenuItem.swift in Sources */ = {isa = PBXBuildFile; fileRef = 93B0D5A82A78BE40005CD5D1 /* MenuItem.swift */; };
		93B0D5AB2A78F2DE005CD5D1 /* AR.storyboard in Resources */ = {isa = PBXBuildFile; fileRef = 93B0D5AA2A78F2DE005CD5D1 /* AR.storyboard */; };
		93B0D5AD2A78F82D005CD5D1 /* ARViewController.swift in Sources */ = {isa = PBXBuildFile; fileRef = 93B0D5AC2A78F82D005CD5D1 /* ARViewController.swift */; };
		93B0D5B02A79039E005CD5D1 /* ARView.swift in Sources */ = {isa = PBXBuildFile; fileRef = 93B0D5AF2A79039E005CD5D1 /* ARView.swift */; };
		93B0D5B52A7D0D3B005CD5D1 /* yolov8s.mlmodel in Sources */ = {isa = PBXBuildFile; fileRef = 93B0D5B42A7D0D3B005CD5D1 /* yolov8s.mlmodel */; };
		93B0D5B82A80CD3F005CD5D1 /* Morse.swift in Sources */ = {isa = PBXBuildFile; fileRef = 93B0D5B72A80CD3F005CD5D1 /* Morse.swift */; };
		93B0D5BA2A813975005CD5D1 /* Home.swift in Sources */ = {isa = PBXBuildFile; fileRef = 93B0D5B92A813975005CD5D1 /* Home.swift */; };
		93B0D5CA2A8330EE005CD5D1 /* button_1.usdz in Resources */ = {isa = PBXBuildFile; fileRef = 93B0D5C92A8330EE005CD5D1 /* button_1.usdz */; };
		93B0D5CC2A833C5B005CD5D1 /* button.usdz in Resources */ = {isa = PBXBuildFile; fileRef = 93B0D5CB2A833C5B005CD5D1 /* button.usdz */; };
		93B0D5CE2A85553B005CD5D1 /* TimerModel.swift in Sources */ = {isa = PBXBuildFile; fileRef = 93B0D5CD2A85553B005CD5D1 /* TimerModel.swift */; };
		93B0D5D12A855567005CD5D1 /* TimerController.swift in Sources */ = {isa = PBXBuildFile; fileRef = 93B0D5D02A855567005CD5D1 /* TimerController.swift */; };
		93B0D5D52A85E98F005CD5D1 /* MorsePlayerModel.swift in Sources */ = {isa = PBXBuildFile; fileRef = 93B0D5D42A85E98F005CD5D1 /* MorsePlayerModel.swift */; };
		93B0D5D72A85E9EF005CD5D1 /* MorsePlayerController.swift in Sources */ = {isa = PBXBuildFile; fileRef = 93B0D5D62A85E9EF005CD5D1 /* MorsePlayerController.swift */; };
		93CE83722A8B37D0003729D8 /* MorseEnum.swift in Sources */ = {isa = PBXBuildFile; fileRef = 93CE83712A8B37D0003729D8 /* MorseEnum.swift */; };
		93CE83742A8B6FC2003729D8 /* ARMorseModel.swift in Sources */ = {isa = PBXBuildFile; fileRef = 93CE83732A8B6FC2003729D8 /* ARMorseModel.swift */; };
		93CE83762A8CA9F2003729D8 /* Motion.swift in Sources */ = {isa = PBXBuildFile; fileRef = 93CE83752A8CA9F2003729D8 /* Motion.swift */; };
		93F01BE72A77C0D000D57B5B /* ARHome.swift in Sources */ = {isa = PBXBuildFile; fileRef = 93F01BE62A77C0D000D57B5B /* ARHome.swift */; };
		93F01BEA2A77C16700D57B5B /* IconButton.swift in Sources */ = {isa = PBXBuildFile; fileRef = 93F01BE92A77C16700D57B5B /* IconButton.swift */; };
		93F01BEC2A77C18400D57B5B /* Button.swift in Sources */ = {isa = PBXBuildFile; fileRef = 93F01BEB2A77C18400D57B5B /* Button.swift */; };
		93F01BEF2A77C1C500D57B5B /* FancyToast.swift in Sources */ = {isa = PBXBuildFile; fileRef = 93F01BEE2A77C1C500D57B5B /* FancyToast.swift */; };
		93F01BF12A77C1DF00D57B5B /* FancyToastStyle.swift in Sources */ = {isa = PBXBuildFile; fileRef = 93F01BF02A77C1DF00D57B5B /* FancyToastStyle.swift */; };
		93F01BF32A77C1F700D57B5B /* FancyToastView.swift in Sources */ = {isa = PBXBuildFile; fileRef = 93F01BF22A77C1F700D57B5B /* FancyToastView.swift */; };
/* End PBXBuildFile section */

/* Begin PBXContainerItemProxy section */
		740E80BE2A77A4CC00D92D24 /* PBXContainerItemProxy */ = {
			isa = PBXContainerItemProxy;
			containerPortal = 740E80A52A77A4CB00D92D24 /* Project object */;
			proxyType = 1;
			remoteGlobalIDString = 740E80AC2A77A4CB00D92D24;
			remoteInfo = morsenator;
		};
		740E80C82A77A4CC00D92D24 /* PBXContainerItemProxy */ = {
			isa = PBXContainerItemProxy;
			containerPortal = 740E80A52A77A4CB00D92D24 /* Project object */;
			proxyType = 1;
			remoteGlobalIDString = 740E80AC2A77A4CB00D92D24;
			remoteInfo = morsenator;
		};
/* End PBXContainerItemProxy section */

/* Begin PBXFileReference section */
		740E80AD2A77A4CB00D92D24 /* morsenator.app */ = {isa = PBXFileReference; explicitFileType = wrapper.application; includeInIndex = 0; path = morsenator.app; sourceTree = BUILT_PRODUCTS_DIR; };
		740E80B02A77A4CB00D92D24 /* morsenatorApp.swift */ = {isa = PBXFileReference; lastKnownFileType = sourcecode.swift; path = morsenatorApp.swift; sourceTree = "<group>"; };
		740E80B22A77A4CB00D92D24 /* ContentView.swift */ = {isa = PBXFileReference; lastKnownFileType = sourcecode.swift; path = ContentView.swift; sourceTree = "<group>"; };
		740E80B42A77A4CC00D92D24 /* Assets.xcassets */ = {isa = PBXFileReference; lastKnownFileType = folder.assetcatalog; path = Assets.xcassets; sourceTree = "<group>"; };
		740E80B72A77A4CC00D92D24 /* Preview Assets.xcassets */ = {isa = PBXFileReference; lastKnownFileType = folder.assetcatalog; path = "Preview Assets.xcassets"; sourceTree = "<group>"; };
		740E80BD2A77A4CC00D92D24 /* morsenatorTests.xctest */ = {isa = PBXFileReference; explicitFileType = wrapper.cfbundle; includeInIndex = 0; path = morsenatorTests.xctest; sourceTree = BUILT_PRODUCTS_DIR; };
		740E80C12A77A4CC00D92D24 /* morsenatorTests.swift */ = {isa = PBXFileReference; lastKnownFileType = sourcecode.swift; path = morsenatorTests.swift; sourceTree = "<group>"; };
		740E80C72A77A4CC00D92D24 /* morsenatorUITests.xctest */ = {isa = PBXFileReference; explicitFileType = wrapper.cfbundle; includeInIndex = 0; path = morsenatorUITests.xctest; sourceTree = BUILT_PRODUCTS_DIR; };
		740E80CB2A77A4CC00D92D24 /* morsenatorUITests.swift */ = {isa = PBXFileReference; lastKnownFileType = sourcecode.swift; path = morsenatorUITests.swift; sourceTree = "<group>"; };
		740E80CD2A77A4CC00D92D24 /* morsenatorUITestsLaunchTests.swift */ = {isa = PBXFileReference; lastKnownFileType = sourcecode.swift; path = morsenatorUITestsLaunchTests.swift; sourceTree = "<group>"; };
		745642322A80E28A00C2D910 /* MainView.swift */ = {isa = PBXFileReference; fileEncoding = 4; lastKnownFileType = sourcecode.swift; path = MainView.swift; sourceTree = "<group>"; };
		745642332A80E28A00C2D910 /* Recognator.swift */ = {isa = PBXFileReference; fileEncoding = 4; lastKnownFileType = sourcecode.swift; path = Recognator.swift; sourceTree = "<group>"; };
		745642342A80E28A00C2D910 /* ScannerData.swift */ = {isa = PBXFileReference; fileEncoding = 4; lastKnownFileType = sourcecode.swift; path = ScannerData.swift; sourceTree = "<group>"; };
		745642352A80E28A00C2D910 /* ScannerView.swift */ = {isa = PBXFileReference; fileEncoding = 4; lastKnownFileType = sourcecode.swift; path = ScannerView.swift; sourceTree = "<group>"; };
		7471BF2F2A8231A5006592BF /* MorseMainView.swift */ = {isa = PBXFileReference; lastKnownFileType = sourcecode.swift; name = MorseMainView.swift; path = morsenator/View/MorseMainView.swift; sourceTree = SOURCE_ROOT; };
		7491A3BF2A8B81F60007D448 /* Word2Morse.swift */ = {isa = PBXFileReference; lastKnownFileType = sourcecode.swift; path = Word2Morse.swift; sourceTree = "<group>"; };
		74B522102A83790700F2D57F /* morsesound.mp3 */ = {isa = PBXFileReference; lastKnownFileType = audio.mp3; path = morsesound.mp3; sourceTree = "<group>"; };
		93B0D5A82A78BE40005CD5D1 /* MenuItem.swift */ = {isa = PBXFileReference; lastKnownFileType = sourcecode.swift; path = MenuItem.swift; sourceTree = "<group>"; };
		93B0D5AA2A78F2DE005CD5D1 /* AR.storyboard */ = {isa = PBXFileReference; lastKnownFileType = file.storyboard; path = AR.storyboard; sourceTree = "<group>"; };
		93B0D5AC2A78F82D005CD5D1 /* ARViewController.swift */ = {isa = PBXFileReference; lastKnownFileType = sourcecode.swift; path = ARViewController.swift; sourceTree = "<group>"; };
		93B0D5AE2A78FD7B005CD5D1 /* Info.plist */ = {isa = PBXFileReference; lastKnownFileType = text.plist; path = Info.plist; sourceTree = "<group>"; };
		93B0D5AF2A79039E005CD5D1 /* ARView.swift */ = {isa = PBXFileReference; lastKnownFileType = sourcecode.swift; path = ARView.swift; sourceTree = "<group>"; };
		93B0D5B42A7D0D3B005CD5D1 /* yolov8s.mlmodel */ = {isa = PBXFileReference; lastKnownFileType = file.mlmodel; path = yolov8s.mlmodel; sourceTree = "<group>"; };
		93B0D5B72A80CD3F005CD5D1 /* Morse.swift */ = {isa = PBXFileReference; lastKnownFileType = sourcecode.swift; path = Morse.swift; sourceTree = "<group>"; };
		93B0D5B92A813975005CD5D1 /* Home.swift */ = {isa = PBXFileReference; lastKnownFileType = sourcecode.swift; path = Home.swift; sourceTree = "<group>"; };
		93B0D5C92A8330EE005CD5D1 /* button_1.usdz */ = {isa = PBXFileReference; lastKnownFileType = file.usdz; path = button_1.usdz; sourceTree = "<group>"; };
		93B0D5CB2A833C5B005CD5D1 /* button.usdz */ = {isa = PBXFileReference; lastKnownFileType = file.usdz; path = button.usdz; sourceTree = "<group>"; };
		93B0D5CD2A85553B005CD5D1 /* TimerModel.swift */ = {isa = PBXFileReference; lastKnownFileType = sourcecode.swift; path = TimerModel.swift; sourceTree = "<group>"; };
		93B0D5D02A855567005CD5D1 /* TimerController.swift */ = {isa = PBXFileReference; lastKnownFileType = sourcecode.swift; path = TimerController.swift; sourceTree = "<group>"; };
		93B0D5D42A85E98F005CD5D1 /* MorsePlayerModel.swift */ = {isa = PBXFileReference; lastKnownFileType = sourcecode.swift; path = MorsePlayerModel.swift; sourceTree = "<group>"; };
		93B0D5D62A85E9EF005CD5D1 /* MorsePlayerController.swift */ = {isa = PBXFileReference; lastKnownFileType = sourcecode.swift; path = MorsePlayerController.swift; sourceTree = "<group>"; };
		93CE83712A8B37D0003729D8 /* MorseEnum.swift */ = {isa = PBXFileReference; lastKnownFileType = sourcecode.swift; path = MorseEnum.swift; sourceTree = "<group>"; };
		93CE83732A8B6FC2003729D8 /* ARMorseModel.swift */ = {isa = PBXFileReference; lastKnownFileType = sourcecode.swift; path = ARMorseModel.swift; sourceTree = "<group>"; };
		93CE83752A8CA9F2003729D8 /* Motion.swift */ = {isa = PBXFileReference; lastKnownFileType = sourcecode.swift; path = Motion.swift; sourceTree = "<group>"; };
		93F01BE62A77C0D000D57B5B /* ARHome.swift */ = {isa = PBXFileReference; lastKnownFileType = sourcecode.swift; path = ARHome.swift; sourceTree = "<group>"; };
		93F01BE92A77C16700D57B5B /* IconButton.swift */ = {isa = PBXFileReference; lastKnownFileType = sourcecode.swift; path = IconButton.swift; sourceTree = "<group>"; };
		93F01BEB2A77C18400D57B5B /* Button.swift */ = {isa = PBXFileReference; lastKnownFileType = sourcecode.swift; path = Button.swift; sourceTree = "<group>"; };
		93F01BEE2A77C1C500D57B5B /* FancyToast.swift */ = {isa = PBXFileReference; lastKnownFileType = sourcecode.swift; path = FancyToast.swift; sourceTree = "<group>"; };
		93F01BF02A77C1DF00D57B5B /* FancyToastStyle.swift */ = {isa = PBXFileReference; lastKnownFileType = sourcecode.swift; path = FancyToastStyle.swift; sourceTree = "<group>"; };
		93F01BF22A77C1F700D57B5B /* FancyToastView.swift */ = {isa = PBXFileReference; lastKnownFileType = sourcecode.swift; path = FancyToastView.swift; sourceTree = "<group>"; };
/* End PBXFileReference section */

/* Begin PBXFrameworksBuildPhase section */
		740E80AA2A77A4CB00D92D24 /* Frameworks */ = {
			isa = PBXFrameworksBuildPhase;
			buildActionMask = 2147483647;
			files = (
			);
			runOnlyForDeploymentPostprocessing = 0;
		};
		740E80BA2A77A4CC00D92D24 /* Frameworks */ = {
			isa = PBXFrameworksBuildPhase;
			buildActionMask = 2147483647;
			files = (
			);
			runOnlyForDeploymentPostprocessing = 0;
		};
		740E80C42A77A4CC00D92D24 /* Frameworks */ = {
			isa = PBXFrameworksBuildPhase;
			buildActionMask = 2147483647;
			files = (
			);
			runOnlyForDeploymentPostprocessing = 0;
		};
/* End PBXFrameworksBuildPhase section */

/* Begin PBXGroup section */
		740E80A42A77A4CB00D92D24 = {
			isa = PBXGroup;
			children = (
				740E80AF2A77A4CB00D92D24 /* morsenator */,
				740E80C02A77A4CC00D92D24 /* morsenatorTests */,
				740E80CA2A77A4CC00D92D24 /* morsenatorUITests */,
				740E80AE2A77A4CB00D92D24 /* Products */,
			);
			sourceTree = "<group>";
		};
		740E80AE2A77A4CB00D92D24 /* Products */ = {
			isa = PBXGroup;
			children = (
				740E80AD2A77A4CB00D92D24 /* morsenator.app */,
				740E80BD2A77A4CC00D92D24 /* morsenatorTests.xctest */,
				740E80C72A77A4CC00D92D24 /* morsenatorUITests.xctest */,
			);
			name = Products;
			sourceTree = "<group>";
		};
		740E80AF2A77A4CB00D92D24 /* morsenator */ = {
			isa = PBXGroup;
			children = (
				93B0D5CF2A855559005CD5D1 /* Controller */,
				93B0D5C92A8330EE005CD5D1 /* button_1.usdz */,
				93B0D5CB2A833C5B005CD5D1 /* button.usdz */,
				93B0D5B62A80CD2E005CD5D1 /* Helper */,
				93B0D5AE2A78FD7B005CD5D1 /* Info.plist */,
				93F01BED2A77C1AF00D57B5B /* Model */,
				93F01BE82A77C14800D57B5B /* Component */,
				93F01BE52A77C09E00D57B5B /* View */,
				740E80B02A77A4CB00D92D24 /* morsenatorApp.swift */,
				740E80B22A77A4CB00D92D24 /* ContentView.swift */,
				740E80B42A77A4CC00D92D24 /* Assets.xcassets */,
				93B0D5B42A7D0D3B005CD5D1 /* yolov8s.mlmodel */,
				740E80B62A77A4CC00D92D24 /* Preview Content */,
			);
			path = morsenator;
			sourceTree = "<group>";
		};
		740E80B62A77A4CC00D92D24 /* Preview Content */ = {
			isa = PBXGroup;
			children = (
				740E80B72A77A4CC00D92D24 /* Preview Assets.xcassets */,
			);
			path = "Preview Content";
			sourceTree = "<group>";
		};
		740E80C02A77A4CC00D92D24 /* morsenatorTests */ = {
			isa = PBXGroup;
			children = (
				740E80C12A77A4CC00D92D24 /* morsenatorTests.swift */,
			);
			path = morsenatorTests;
			sourceTree = "<group>";
		};
		740E80CA2A77A4CC00D92D24 /* morsenatorUITests */ = {
			isa = PBXGroup;
			children = (
				740E80CB2A77A4CC00D92D24 /* morsenatorUITests.swift */,
				740E80CD2A77A4CC00D92D24 /* morsenatorUITestsLaunchTests.swift */,
			);
			path = morsenatorUITests;
			sourceTree = "<group>";
		};
		7456423E2A80E94900C2D910 /* AVFoundation (ongoing) */ = {
			isa = PBXGroup;
			children = (
				7471BF2F2A8231A5006592BF /* MorseMainView.swift */,
				74B522102A83790700F2D57F /* morsesound.mp3 */,
			);
			path = "AVFoundation (ongoing)";
			sourceTree = "<group>";
		};
		7456423F2A80E95A00C2D910 /* ARKit (ongoing) */ = {
			isa = PBXGroup;
			children = (
				93F01BE62A77C0D000D57B5B /* ARHome.swift */,
				93B0D5AA2A78F2DE005CD5D1 /* AR.storyboard */,
				93B0D5AC2A78F82D005CD5D1 /* ARViewController.swift */,
				93B0D5AF2A79039E005CD5D1 /* ARView.swift */,
			);
			path = "ARKit (ongoing)";
			sourceTree = "<group>";
		};
		745642402A80E96500C2D910 /* Vision-VisionKit (Done) */ = {
			isa = PBXGroup;
			children = (
				745642322A80E28A00C2D910 /* MainView.swift */,
				745642332A80E28A00C2D910 /* Recognator.swift */,
				745642342A80E28A00C2D910 /* ScannerData.swift */,
				745642352A80E28A00C2D910 /* ScannerView.swift */,
			);
			path = "Vision-VisionKit (Done)";
			sourceTree = "<group>";
		};
		7471BF312A8231CD006592BF /* Main */ = {
			isa = PBXGroup;
			children = (
				93B0D5B92A813975005CD5D1 /* Home.swift */,
			);
			path = Main;
			sourceTree = "<group>";
		};
		7491A3BE2A8B7EEF0007D448 /* Translate */ = {
			isa = PBXGroup;
			children = (
				7491A3BF2A8B81F60007D448 /* Word2Morse.swift */,
			);
			path = Translate;
			sourceTree = "<group>";
		};
		93B0D5B62A80CD2E005CD5D1 /* Helper */ = {
			isa = PBXGroup;
			children = (
				93B0D5B72A80CD3F005CD5D1 /* Morse.swift */,
			);
			path = Helper;
			sourceTree = "<group>";
		};
		93B0D5CF2A855559005CD5D1 /* Controller */ = {
			isa = PBXGroup;
			children = (
				93B0D5D02A855567005CD5D1 /* TimerController.swift */,
				93B0D5D62A85E9EF005CD5D1 /* MorsePlayerController.swift */,
			);
			path = Controller;
			sourceTree = "<group>";
		};
		93F01BE52A77C09E00D57B5B /* View */ = {
			isa = PBXGroup;
			children = (
				7491A3BE2A8B7EEF0007D448 /* Translate */,
				7471BF312A8231CD006592BF /* Main */,
				745642402A80E96500C2D910 /* Vision-VisionKit (Done) */,
				7456423F2A80E95A00C2D910 /* ARKit (ongoing) */,
				7456423E2A80E94900C2D910 /* AVFoundation (ongoing) */,
			);
			path = View;
			sourceTree = "<group>";
		};
		93F01BE82A77C14800D57B5B /* Component */ = {
			isa = PBXGroup;
			children = (
				93F01BE92A77C16700D57B5B /* IconButton.swift */,
				93F01BEB2A77C18400D57B5B /* Button.swift */,
				93F01BF02A77C1DF00D57B5B /* FancyToastStyle.swift */,
				93F01BF22A77C1F700D57B5B /* FancyToastView.swift */,
				93B0D5A82A78BE40005CD5D1 /* MenuItem.swift */,
			);
			path = Component;
			sourceTree = "<group>";
		};
		93F01BED2A77C1AF00D57B5B /* Model */ = {
			isa = PBXGroup;
			children = (
				93F01BEE2A77C1C500D57B5B /* FancyToast.swift */,
				93B0D5CD2A85553B005CD5D1 /* TimerModel.swift */,
				93B0D5D42A85E98F005CD5D1 /* MorsePlayerModel.swift */,
				93CE83712A8B37D0003729D8 /* MorseEnum.swift */,
				93CE83732A8B6FC2003729D8 /* ARMorseModel.swift */,
				93CE83752A8CA9F2003729D8 /* Motion.swift */,
			);
			path = Model;
			sourceTree = "<group>";
		};
/* End PBXGroup section */

/* Begin PBXNativeTarget section */
		740E80AC2A77A4CB00D92D24 /* morsenator */ = {
			isa = PBXNativeTarget;
			buildConfigurationList = 740E80D12A77A4CC00D92D24 /* Build configuration list for PBXNativeTarget "morsenator" */;
			buildPhases = (
				740E80A92A77A4CB00D92D24 /* Sources */,
				740E80AA2A77A4CB00D92D24 /* Frameworks */,
				740E80AB2A77A4CB00D92D24 /* Resources */,
			);
			buildRules = (
			);
			dependencies = (
			);
			name = morsenator;
			productName = morsenator;
			productReference = 740E80AD2A77A4CB00D92D24 /* morsenator.app */;
			productType = "com.apple.product-type.application";
		};
		740E80BC2A77A4CC00D92D24 /* morsenatorTests */ = {
			isa = PBXNativeTarget;
			buildConfigurationList = 740E80D42A77A4CC00D92D24 /* Build configuration list for PBXNativeTarget "morsenatorTests" */;
			buildPhases = (
				740E80B92A77A4CC00D92D24 /* Sources */,
				740E80BA2A77A4CC00D92D24 /* Frameworks */,
				740E80BB2A77A4CC00D92D24 /* Resources */,
			);
			buildRules = (
			);
			dependencies = (
				740E80BF2A77A4CC00D92D24 /* PBXTargetDependency */,
			);
			name = morsenatorTests;
			productName = morsenatorTests;
			productReference = 740E80BD2A77A4CC00D92D24 /* morsenatorTests.xctest */;
			productType = "com.apple.product-type.bundle.unit-test";
		};
		740E80C62A77A4CC00D92D24 /* morsenatorUITests */ = {
			isa = PBXNativeTarget;
			buildConfigurationList = 740E80D72A77A4CC00D92D24 /* Build configuration list for PBXNativeTarget "morsenatorUITests" */;
			buildPhases = (
				740E80C32A77A4CC00D92D24 /* Sources */,
				740E80C42A77A4CC00D92D24 /* Frameworks */,
				740E80C52A77A4CC00D92D24 /* Resources */,
			);
			buildRules = (
			);
			dependencies = (
				740E80C92A77A4CC00D92D24 /* PBXTargetDependency */,
			);
			name = morsenatorUITests;
			productName = morsenatorUITests;
			productReference = 740E80C72A77A4CC00D92D24 /* morsenatorUITests.xctest */;
			productType = "com.apple.product-type.bundle.ui-testing";
		};
/* End PBXNativeTarget section */

/* Begin PBXProject section */
		740E80A52A77A4CB00D92D24 /* Project object */ = {
			isa = PBXProject;
			attributes = {
				BuildIndependentTargetsInParallel = 1;
				LastSwiftUpdateCheck = 1430;
				LastUpgradeCheck = 1430;
				TargetAttributes = {
					740E80AC2A77A4CB00D92D24 = {
						CreatedOnToolsVersion = 14.3.1;
					};
					740E80BC2A77A4CC00D92D24 = {
						CreatedOnToolsVersion = 14.3.1;
						TestTargetID = 740E80AC2A77A4CB00D92D24;
					};
					740E80C62A77A4CC00D92D24 = {
						CreatedOnToolsVersion = 14.3.1;
						TestTargetID = 740E80AC2A77A4CB00D92D24;
					};
				};
			};
			buildConfigurationList = 740E80A82A77A4CB00D92D24 /* Build configuration list for PBXProject "morsenator" */;
			compatibilityVersion = "Xcode 14.0";
			developmentRegion = en;
			hasScannedForEncodings = 0;
			knownRegions = (
				en,
				Base,
			);
			mainGroup = 740E80A42A77A4CB00D92D24;
			productRefGroup = 740E80AE2A77A4CB00D92D24 /* Products */;
			projectDirPath = "";
			projectRoot = "";
			targets = (
				740E80AC2A77A4CB00D92D24 /* morsenator */,
				740E80BC2A77A4CC00D92D24 /* morsenatorTests */,
				740E80C62A77A4CC00D92D24 /* morsenatorUITests */,
			);
		};
/* End PBXProject section */

/* Begin PBXResourcesBuildPhase section */
		740E80AB2A77A4CB00D92D24 /* Resources */ = {
			isa = PBXResourcesBuildPhase;
			buildActionMask = 2147483647;
			files = (
				93B0D5CC2A833C5B005CD5D1 /* button.usdz in Resources */,
				740E80B82A77A4CC00D92D24 /* Preview Assets.xcassets in Resources */,
				93B0D5CA2A8330EE005CD5D1 /* button_1.usdz in Resources */,
				740E80B52A77A4CC00D92D24 /* Assets.xcassets in Resources */,
				93B0D5AB2A78F2DE005CD5D1 /* AR.storyboard in Resources */,
				74B522112A83790700F2D57F /* morsesound.mp3 in Resources */,
			);
			runOnlyForDeploymentPostprocessing = 0;
		};
		740E80BB2A77A4CC00D92D24 /* Resources */ = {
			isa = PBXResourcesBuildPhase;
			buildActionMask = 2147483647;
			files = (
			);
			runOnlyForDeploymentPostprocessing = 0;
		};
		740E80C52A77A4CC00D92D24 /* Resources */ = {
			isa = PBXResourcesBuildPhase;
			buildActionMask = 2147483647;
			files = (
			);
			runOnlyForDeploymentPostprocessing = 0;
		};
/* End PBXResourcesBuildPhase section */

/* Begin PBXSourcesBuildPhase section */
		740E80A92A77A4CB00D92D24 /* Sources */ = {
			isa = PBXSourcesBuildPhase;
			buildActionMask = 2147483647;
			files = (
				93B0D5D52A85E98F005CD5D1 /* MorsePlayerModel.swift in Sources */,
				7491A3C02A8B81F60007D448 /* Word2Morse.swift in Sources */,
				93F01BEC2A77C18400D57B5B /* Button.swift in Sources */,
				93F01BEF2A77C1C500D57B5B /* FancyToast.swift in Sources */,
				93B0D5B02A79039E005CD5D1 /* ARView.swift in Sources */,
				93F01BEA2A77C16700D57B5B /* IconButton.swift in Sources */,
				740E80B32A77A4CB00D92D24 /* ContentView.swift in Sources */,
				93CE83722A8B37D0003729D8 /* MorseEnum.swift in Sources */,
				93B0D5B82A80CD3F005CD5D1 /* Morse.swift in Sources */,
				93CE83742A8B6FC2003729D8 /* ARMorseModel.swift in Sources */,
				93F01BE72A77C0D000D57B5B /* ARHome.swift in Sources */,
				740E80B12A77A4CB00D92D24 /* morsenatorApp.swift in Sources */,
				93B0D5BA2A813975005CD5D1 /* Home.swift in Sources */,
				745642392A80E28A00C2D910 /* ScannerView.swift in Sources */,
				93B0D5A92A78BE40005CD5D1 /* MenuItem.swift in Sources */,
				93F01BF32A77C1F700D57B5B /* FancyToastView.swift in Sources */,
				93B0D5D12A855567005CD5D1 /* TimerController.swift in Sources */,
				745642382A80E28A00C2D910 /* ScannerData.swift in Sources */,
				93CE83762A8CA9F2003729D8 /* Motion.swift in Sources */,
				93F01BF12A77C1DF00D57B5B /* FancyToastStyle.swift in Sources */,
				93B0D5B52A7D0D3B005CD5D1 /* yolov8s.mlmodel in Sources */,
				745642362A80E28A00C2D910 /* MainView.swift in Sources */,
				7471BF302A8231A5006592BF /* MorseMainView.swift in Sources */,
				93B0D5CE2A85553B005CD5D1 /* TimerModel.swift in Sources */,
				93B0D5D72A85E9EF005CD5D1 /* MorsePlayerController.swift in Sources */,
				93B0D5AD2A78F82D005CD5D1 /* ARViewController.swift in Sources */,
				745642372A80E28A00C2D910 /* Recognator.swift in Sources */,
			);
			runOnlyForDeploymentPostprocessing = 0;
		};
		740E80B92A77A4CC00D92D24 /* Sources */ = {
			isa = PBXSourcesBuildPhase;
			buildActionMask = 2147483647;
			files = (
				740E80C22A77A4CC00D92D24 /* morsenatorTests.swift in Sources */,
			);
			runOnlyForDeploymentPostprocessing = 0;
		};
		740E80C32A77A4CC00D92D24 /* Sources */ = {
			isa = PBXSourcesBuildPhase;
			buildActionMask = 2147483647;
			files = (
				740E80CE2A77A4CC00D92D24 /* morsenatorUITestsLaunchTests.swift in Sources */,
				740E80CC2A77A4CC00D92D24 /* morsenatorUITests.swift in Sources */,
			);
			runOnlyForDeploymentPostprocessing = 0;
		};
/* End PBXSourcesBuildPhase section */

/* Begin PBXTargetDependency section */
		740E80BF2A77A4CC00D92D24 /* PBXTargetDependency */ = {
			isa = PBXTargetDependency;
			target = 740E80AC2A77A4CB00D92D24 /* morsenator */;
			targetProxy = 740E80BE2A77A4CC00D92D24 /* PBXContainerItemProxy */;
		};
		740E80C92A77A4CC00D92D24 /* PBXTargetDependency */ = {
			isa = PBXTargetDependency;
			target = 740E80AC2A77A4CB00D92D24 /* morsenator */;
			targetProxy = 740E80C82A77A4CC00D92D24 /* PBXContainerItemProxy */;
		};
/* End PBXTargetDependency section */

/* Begin XCBuildConfiguration section */
		740E80CF2A77A4CC00D92D24 /* Debug */ = {
			isa = XCBuildConfiguration;
			buildSettings = {
				ALWAYS_SEARCH_USER_PATHS = NO;
				CLANG_ANALYZER_NONNULL = YES;
				CLANG_ANALYZER_NUMBER_OBJECT_CONVERSION = YES_AGGRESSIVE;
				CLANG_CXX_LANGUAGE_STANDARD = "gnu++20";
				CLANG_ENABLE_MODULES = YES;
				CLANG_ENABLE_OBJC_ARC = YES;
				CLANG_ENABLE_OBJC_WEAK = YES;
				CLANG_WARN_BLOCK_CAPTURE_AUTORELEASING = YES;
				CLANG_WARN_BOOL_CONVERSION = YES;
				CLANG_WARN_COMMA = YES;
				CLANG_WARN_CONSTANT_CONVERSION = YES;
				CLANG_WARN_DEPRECATED_OBJC_IMPLEMENTATIONS = YES;
				CLANG_WARN_DIRECT_OBJC_ISA_USAGE = YES_ERROR;
				CLANG_WARN_DOCUMENTATION_COMMENTS = YES;
				CLANG_WARN_EMPTY_BODY = YES;
				CLANG_WARN_ENUM_CONVERSION = YES;
				CLANG_WARN_INFINITE_RECURSION = YES;
				CLANG_WARN_INT_CONVERSION = YES;
				CLANG_WARN_NON_LITERAL_NULL_CONVERSION = YES;
				CLANG_WARN_OBJC_IMPLICIT_RETAIN_SELF = YES;
				CLANG_WARN_OBJC_LITERAL_CONVERSION = YES;
				CLANG_WARN_OBJC_ROOT_CLASS = YES_ERROR;
				CLANG_WARN_QUOTED_INCLUDE_IN_FRAMEWORK_HEADER = YES;
				CLANG_WARN_RANGE_LOOP_ANALYSIS = YES;
				CLANG_WARN_STRICT_PROTOTYPES = YES;
				CLANG_WARN_SUSPICIOUS_MOVE = YES;
				CLANG_WARN_UNGUARDED_AVAILABILITY = YES_AGGRESSIVE;
				CLANG_WARN_UNREACHABLE_CODE = YES;
				CLANG_WARN__DUPLICATE_METHOD_MATCH = YES;
				COPY_PHASE_STRIP = NO;
				DEBUG_INFORMATION_FORMAT = dwarf;
				ENABLE_STRICT_OBJC_MSGSEND = YES;
				ENABLE_TESTABILITY = YES;
				GCC_C_LANGUAGE_STANDARD = gnu11;
				GCC_DYNAMIC_NO_PIC = NO;
				GCC_NO_COMMON_BLOCKS = YES;
				GCC_OPTIMIZATION_LEVEL = 0;
				GCC_PREPROCESSOR_DEFINITIONS = (
					"DEBUG=1",
					"$(inherited)",
				);
				GCC_WARN_64_TO_32_BIT_CONVERSION = YES;
				GCC_WARN_ABOUT_RETURN_TYPE = YES_ERROR;
				GCC_WARN_UNDECLARED_SELECTOR = YES;
				GCC_WARN_UNINITIALIZED_AUTOS = YES_AGGRESSIVE;
				GCC_WARN_UNUSED_FUNCTION = YES;
				GCC_WARN_UNUSED_VARIABLE = YES;
				IPHONEOS_DEPLOYMENT_TARGET = 16.4;
				MTL_ENABLE_DEBUG_INFO = INCLUDE_SOURCE;
				MTL_FAST_MATH = YES;
				ONLY_ACTIVE_ARCH = YES;
				SDKROOT = iphoneos;
				SWIFT_ACTIVE_COMPILATION_CONDITIONS = DEBUG;
				SWIFT_OPTIMIZATION_LEVEL = "-Onone";
			};
			name = Debug;
		};
		740E80D02A77A4CC00D92D24 /* Release */ = {
			isa = XCBuildConfiguration;
			buildSettings = {
				ALWAYS_SEARCH_USER_PATHS = NO;
				CLANG_ANALYZER_NONNULL = YES;
				CLANG_ANALYZER_NUMBER_OBJECT_CONVERSION = YES_AGGRESSIVE;
				CLANG_CXX_LANGUAGE_STANDARD = "gnu++20";
				CLANG_ENABLE_MODULES = YES;
				CLANG_ENABLE_OBJC_ARC = YES;
				CLANG_ENABLE_OBJC_WEAK = YES;
				CLANG_WARN_BLOCK_CAPTURE_AUTORELEASING = YES;
				CLANG_WARN_BOOL_CONVERSION = YES;
				CLANG_WARN_COMMA = YES;
				CLANG_WARN_CONSTANT_CONVERSION = YES;
				CLANG_WARN_DEPRECATED_OBJC_IMPLEMENTATIONS = YES;
				CLANG_WARN_DIRECT_OBJC_ISA_USAGE = YES_ERROR;
				CLANG_WARN_DOCUMENTATION_COMMENTS = YES;
				CLANG_WARN_EMPTY_BODY = YES;
				CLANG_WARN_ENUM_CONVERSION = YES;
				CLANG_WARN_INFINITE_RECURSION = YES;
				CLANG_WARN_INT_CONVERSION = YES;
				CLANG_WARN_NON_LITERAL_NULL_CONVERSION = YES;
				CLANG_WARN_OBJC_IMPLICIT_RETAIN_SELF = YES;
				CLANG_WARN_OBJC_LITERAL_CONVERSION = YES;
				CLANG_WARN_OBJC_ROOT_CLASS = YES_ERROR;
				CLANG_WARN_QUOTED_INCLUDE_IN_FRAMEWORK_HEADER = YES;
				CLANG_WARN_RANGE_LOOP_ANALYSIS = YES;
				CLANG_WARN_STRICT_PROTOTYPES = YES;
				CLANG_WARN_SUSPICIOUS_MOVE = YES;
				CLANG_WARN_UNGUARDED_AVAILABILITY = YES_AGGRESSIVE;
				CLANG_WARN_UNREACHABLE_CODE = YES;
				CLANG_WARN__DUPLICATE_METHOD_MATCH = YES;
				COPY_PHASE_STRIP = NO;
				DEBUG_INFORMATION_FORMAT = "dwarf-with-dsym";
				ENABLE_NS_ASSERTIONS = NO;
				ENABLE_STRICT_OBJC_MSGSEND = YES;
				GCC_C_LANGUAGE_STANDARD = gnu11;
				GCC_NO_COMMON_BLOCKS = YES;
				GCC_WARN_64_TO_32_BIT_CONVERSION = YES;
				GCC_WARN_ABOUT_RETURN_TYPE = YES_ERROR;
				GCC_WARN_UNDECLARED_SELECTOR = YES;
				GCC_WARN_UNINITIALIZED_AUTOS = YES_AGGRESSIVE;
				GCC_WARN_UNUSED_FUNCTION = YES;
				GCC_WARN_UNUSED_VARIABLE = YES;
				IPHONEOS_DEPLOYMENT_TARGET = 16.4;
				MTL_ENABLE_DEBUG_INFO = NO;
				MTL_FAST_MATH = YES;
				SDKROOT = iphoneos;
				SWIFT_COMPILATION_MODE = wholemodule;
				SWIFT_OPTIMIZATION_LEVEL = "-O";
				VALIDATE_PRODUCT = YES;
			};
			name = Release;
		};
		740E80D22A77A4CC00D92D24 /* Debug */ = {
			isa = XCBuildConfiguration;
			buildSettings = {
				ASSETCATALOG_COMPILER_APPICON_NAME = AppIcon;
				ASSETCATALOG_COMPILER_GLOBAL_ACCENT_COLOR_NAME = AccentColor;
				ASSETCATALOG_COMPILER_INCLUDE_ALL_APPICON_ASSETS = NO;
				CODE_SIGN_STYLE = Automatic;
				CURRENT_PROJECT_VERSION = 1;
				DEVELOPMENT_ASSET_PATHS = "\"morsenator/Preview Content\"";
				DEVELOPMENT_TEAM = J8A42WJ9LX;
				ENABLE_PREVIEWS = YES;
				GENERATE_INFOPLIST_FILE = YES;
				INFOPLIST_FILE = morsenator/Info.plist;
				INFOPLIST_KEY_NSCameraUsageDescription = "You need camera to use AR";
				INFOPLIST_KEY_UIApplicationSceneManifest_Generation = YES;
				INFOPLIST_KEY_UIApplicationSupportsIndirectInputEvents = YES;
				INFOPLIST_KEY_UILaunchScreen_Generation = YES;
				INFOPLIST_KEY_UISupportedInterfaceOrientations_iPad = "UIInterfaceOrientationPortrait UIInterfaceOrientationPortraitUpsideDown UIInterfaceOrientationLandscapeLeft UIInterfaceOrientationLandscapeRight";
				INFOPLIST_KEY_UISupportedInterfaceOrientations_iPhone = "UIInterfaceOrientationPortrait UIInterfaceOrientationLandscapeLeft UIInterfaceOrientationLandscapeRight";
				LD_RUNPATH_SEARCH_PATHS = (
					"$(inherited)",
					"@executable_path/Frameworks",
				);
				MARKETING_VERSION = 1.0;
				PRODUCT_BUNDLE_IDENTIFIER = apple.cip.morsenator;
				PRODUCT_NAME = "$(TARGET_NAME)";
				SWIFT_EMIT_LOC_STRINGS = YES;
				SWIFT_VERSION = 5.0;
				TARGETED_DEVICE_FAMILY = "1,2";
			};
			name = Debug;
		};
		740E80D32A77A4CC00D92D24 /* Release */ = {
			isa = XCBuildConfiguration;
			buildSettings = {
				ASSETCATALOG_COMPILER_APPICON_NAME = AppIcon;
				ASSETCATALOG_COMPILER_GLOBAL_ACCENT_COLOR_NAME = AccentColor;
				ASSETCATALOG_COMPILER_INCLUDE_ALL_APPICON_ASSETS = NO;
				CODE_SIGN_STYLE = Automatic;
				CURRENT_PROJECT_VERSION = 1;
				DEVELOPMENT_ASSET_PATHS = "\"morsenator/Preview Content\"";
				DEVELOPMENT_TEAM = J8A42WJ9LX;
				ENABLE_PREVIEWS = YES;
				GENERATE_INFOPLIST_FILE = YES;
				INFOPLIST_FILE = morsenator/Info.plist;
				INFOPLIST_KEY_NSCameraUsageDescription = "You need camera to use AR";
				INFOPLIST_KEY_UIApplicationSceneManifest_Generation = YES;
				INFOPLIST_KEY_UIApplicationSupportsIndirectInputEvents = YES;
				INFOPLIST_KEY_UILaunchScreen_Generation = YES;
				INFOPLIST_KEY_UISupportedInterfaceOrientations_iPad = "UIInterfaceOrientationPortrait UIInterfaceOrientationPortraitUpsideDown UIInterfaceOrientationLandscapeLeft UIInterfaceOrientationLandscapeRight";
				INFOPLIST_KEY_UISupportedInterfaceOrientations_iPhone = "UIInterfaceOrientationPortrait UIInterfaceOrientationLandscapeLeft UIInterfaceOrientationLandscapeRight";
				LD_RUNPATH_SEARCH_PATHS = (
					"$(inherited)",
					"@executable_path/Frameworks",
				);
				MARKETING_VERSION = 1.0;
				PRODUCT_BUNDLE_IDENTIFIER = apple.cip.morsenator;
				PRODUCT_NAME = "$(TARGET_NAME)";
				SWIFT_EMIT_LOC_STRINGS = YES;
				SWIFT_VERSION = 5.0;
				TARGETED_DEVICE_FAMILY = "1,2";
			};
			name = Release;
		};
		740E80D52A77A4CC00D92D24 /* Debug */ = {
			isa = XCBuildConfiguration;
			buildSettings = {
				ALWAYS_EMBED_SWIFT_STANDARD_LIBRARIES = YES;
				BUNDLE_LOADER = "$(TEST_HOST)";
				CODE_SIGN_STYLE = Automatic;
				CURRENT_PROJECT_VERSION = 1;
				DEVELOPMENT_TEAM = MTGV8S7M8J;
				GENERATE_INFOPLIST_FILE = YES;
				IPHONEOS_DEPLOYMENT_TARGET = 16.4;
				MARKETING_VERSION = 1.0;
				PRODUCT_BUNDLE_IDENTIFIER = apple.cip.morsenatorTests;
				PRODUCT_NAME = "$(TARGET_NAME)";
				SWIFT_EMIT_LOC_STRINGS = NO;
				SWIFT_VERSION = 5.0;
				TARGETED_DEVICE_FAMILY = "1,2";
				TEST_HOST = "$(BUILT_PRODUCTS_DIR)/morsenator.app/$(BUNDLE_EXECUTABLE_FOLDER_PATH)/morsenator";
			};
			name = Debug;
		};
		740E80D62A77A4CC00D92D24 /* Release */ = {
			isa = XCBuildConfiguration;
			buildSettings = {
				ALWAYS_EMBED_SWIFT_STANDARD_LIBRARIES = YES;
				BUNDLE_LOADER = "$(TEST_HOST)";
				CODE_SIGN_STYLE = Automatic;
				CURRENT_PROJECT_VERSION = 1;
				DEVELOPMENT_TEAM = MTGV8S7M8J;
				GENERATE_INFOPLIST_FILE = YES;
				IPHONEOS_DEPLOYMENT_TARGET = 16.4;
				MARKETING_VERSION = 1.0;
				PRODUCT_BUNDLE_IDENTIFIER = apple.cip.morsenatorTests;
				PRODUCT_NAME = "$(TARGET_NAME)";
				SWIFT_EMIT_LOC_STRINGS = NO;
				SWIFT_VERSION = 5.0;
				TARGETED_DEVICE_FAMILY = "1,2";
				TEST_HOST = "$(BUILT_PRODUCTS_DIR)/morsenator.app/$(BUNDLE_EXECUTABLE_FOLDER_PATH)/morsenator";
			};
			name = Release;
		};
		740E80D82A77A4CC00D92D24 /* Debug */ = {
			isa = XCBuildConfiguration;
			buildSettings = {
				ALWAYS_EMBED_SWIFT_STANDARD_LIBRARIES = YES;
				CODE_SIGN_STYLE = Automatic;
				CURRENT_PROJECT_VERSION = 1;
				DEVELOPMENT_TEAM = MTGV8S7M8J;
				GENERATE_INFOPLIST_FILE = YES;
				MARKETING_VERSION = 1.0;
				PRODUCT_BUNDLE_IDENTIFIER = apple.cip.morsenatorUITests;
				PRODUCT_NAME = "$(TARGET_NAME)";
				SWIFT_EMIT_LOC_STRINGS = NO;
				SWIFT_VERSION = 5.0;
				TARGETED_DEVICE_FAMILY = "1,2";
				TEST_TARGET_NAME = morsenator;
			};
			name = Debug;
		};
		740E80D92A77A4CC00D92D24 /* Release */ = {
			isa = XCBuildConfiguration;
			buildSettings = {
				ALWAYS_EMBED_SWIFT_STANDARD_LIBRARIES = YES;
				CODE_SIGN_STYLE = Automatic;
				CURRENT_PROJECT_VERSION = 1;
				DEVELOPMENT_TEAM = MTGV8S7M8J;
				GENERATE_INFOPLIST_FILE = YES;
				MARKETING_VERSION = 1.0;
				PRODUCT_BUNDLE_IDENTIFIER = apple.cip.morsenatorUITests;
				PRODUCT_NAME = "$(TARGET_NAME)";
				SWIFT_EMIT_LOC_STRINGS = NO;
				SWIFT_VERSION = 5.0;
				TARGETED_DEVICE_FAMILY = "1,2";
				TEST_TARGET_NAME = morsenator;
			};
			name = Release;
		};
/* End XCBuildConfiguration section */

/* Begin XCConfigurationList section */
		740E80A82A77A4CB00D92D24 /* Build configuration list for PBXProject "morsenator" */ = {
			isa = XCConfigurationList;
			buildConfigurations = (
				740E80CF2A77A4CC00D92D24 /* Debug */,
				740E80D02A77A4CC00D92D24 /* Release */,
			);
			defaultConfigurationIsVisible = 0;
			defaultConfigurationName = Release;
		};
		740E80D12A77A4CC00D92D24 /* Build configuration list for PBXNativeTarget "morsenator" */ = {
			isa = XCConfigurationList;
			buildConfigurations = (
				740E80D22A77A4CC00D92D24 /* Debug */,
				740E80D32A77A4CC00D92D24 /* Release */,
			);
			defaultConfigurationIsVisible = 0;
			defaultConfigurationName = Release;
		};
		740E80D42A77A4CC00D92D24 /* Build configuration list for PBXNativeTarget "morsenatorTests" */ = {
			isa = XCConfigurationList;
			buildConfigurations = (
				740E80D52A77A4CC00D92D24 /* Debug */,
				740E80D62A77A4CC00D92D24 /* Release */,
			);
			defaultConfigurationIsVisible = 0;
			defaultConfigurationName = Release;
		};
		740E80D72A77A4CC00D92D24 /* Build configuration list for PBXNativeTarget "morsenatorUITests" */ = {
			isa = XCConfigurationList;
			buildConfigurations = (
				740E80D82A77A4CC00D92D24 /* Debug */,
				740E80D92A77A4CC00D92D24 /* Release */,
			);
			defaultConfigurationIsVisible = 0;
			defaultConfigurationName = Release;
		};
/* End XCConfigurationList section */
	};
	rootObject = 740E80A52A77A4CB00D92D24 /* Project object */;
}
