// !$*UTF8*$!
{
	archiveVersion = 1;
	classes = {
	};
	objectVersion = 56;
	objects = {

/* Begin PBXBuildFile section */
		740E80B12A77A4CB00D92D24 /* morsenatorApp.swift in Sources */ = {isa = PBXBuildFile; fileRef = 740E80B02A77A4CB00D92D24 /* morsenatorApp.swift */; };
		740E80B32A77A4CB00D92D24 /* ContentView.swift in Sources */ = {isa = PBXBuildFile; fileRef = 740E80B22A77A4CB00D92D24 /* ContentView.swift */; };
		740E80B52A77A4CC00D92D24 /* Assets.xcassets in Resources */ = {isa = PBXBuildFile; fileRef = 740E80B42A77A4CC00D92D24 /* Assets.xcassets */; };
		740E80B82A77A4CC00D92D24 /* Preview Assets.xcassets in Resources */ = {isa = PBXBuildFile; fileRef = 740E80B72A77A4CC00D92D24 /* Preview Assets.xcassets */; };
		740E80C22A77A4CC00D92D24 /* morsenatorTests.swift in Sources */ = {isa = PBXBuildFile; fileRef = 740E80C12A77A4CC00D92D24 /* morsenatorTests.swift */; };
		740E80CC2A77A4CC00D92D24 /* morsenatorUITests.swift in Sources */ = {isa = PBXBuildFile; fileRef = 740E80CB2A77A4CC00D92D24 /* morsenatorUITests.swift */; };
		740E80CE2A77A4CC00D92D24 /* morsenatorUITestsLaunchTests.swift in Sources */ = {isa = PBXBuildFile; fileRef = 740E80CD2A77A4CC00D92D24 /* morsenatorUITestsLaunchTests.swift */; };
/* End PBXBuildFile section */

/* Begin PBXContainerItemProxy section */
		740E80BE2A77A4CC00D92D24 /* PBXContainerItemProxy */ = {
			isa = PBXContainerItemProxy;
			containerPortal = 740E80A52A77A4CB00D92D24 /* Project object */;
			proxyType = 1;
			remoteGlobalIDString = 740E80AC2A77A4CB00D92D24;
			remoteInfo = morsenator;
		};
		740E80C82A77A4CC00D92D24 /* PBXContainerItemProxy */ = {
			isa = PBXContainerItemProxy;
			containerPortal = 740E80A52A77A4CB00D92D24 /* Project object */;
			proxyType = 1;
			remoteGlobalIDString = 740E80AC2A77A4CB00D92D24;
			remoteInfo = morsenator;
		};
/* End PBXContainerItemProxy section */

/* Begin PBXFileReference section */
		740E80AD2A77A4CB00D92D24 /* morsenator.app */ = {isa = PBXFileReference; explicitFileType = wrapper.application; includeInIndex = 0; path = morsenator.app; sourceTree = BUILT_PRODUCTS_DIR; };
		740E80B02A77A4CB00D92D24 /* morsenatorApp.swift */ = {isa = PBXFileReference; lastKnownFileType = sourcecode.swift; path = morsenatorApp.swift; sourceTree = "<group>"; };
		740E80B22A77A4CB00D92D24 /* ContentView.swift */ = {isa = PBXFileReference; lastKnownFileType = sourcecode.swift; path = ContentView.swift; sourceTree = "<group>"; };
		740E80B42A77A4CC00D92D24 /* Assets.xcassets */ = {isa = PBXFileReference; lastKnownFileType = folder.assetcatalog; path = Assets.xcassets; sourceTree = "<group>"; };
		740E80B72A77A4CC00D92D24 /* Preview Assets.xcassets */ = {isa = PBXFileReference; lastKnownFileType = folder.assetcatalog; path = "Preview Assets.xcassets"; sourceTree = "<group>"; };
		740E80BD2A77A4CC00D92D24 /* morsenatorTests.xctest */ = {isa = PBXFileReference; explicitFileType = wrapper.cfbundle; includeInIndex = 0; path = morsenatorTests.xctest; sourceTree = BUILT_PRODUCTS_DIR; };
		740E80C12A77A4CC00D92D24 /* morsenatorTests.swift */ = {isa = PBXFileReference; lastKnownFileType = sourcecode.swift; path = morsenatorTests.swift; sourceTree = "<group>"; };
		740E80C72A77A4CC00D92D24 /* morsenatorUITests.xctest */ = {isa = PBXFileReference; explicitFileType = wrapper.cfbundle; includeInIndex = 0; path = morsenatorUITests.xctest; sourceTree = BUILT_PRODUCTS_DIR; };
		740E80CB2A77A4CC00D92D24 /* morsenatorUITests.swift */ = {isa = PBXFileReference; lastKnownFileType = sourcecode.swift; path = morsenatorUITests.swift; sourceTree = "<group>"; };
		740E80CD2A77A4CC00D92D24 /* morsenatorUITestsLaunchTests.swift */ = {isa = PBXFileReference; lastKnownFileType = sourcecode.swift; path = morsenatorUITestsLaunchTests.swift; sourceTree = "<group>"; };
/* End PBXFileReference section */

/* Begin PBXFrameworksBuildPhase section */
		740E80AA2A77A4CB00D92D24 /* Frameworks */ = {
			isa = PBXFrameworksBuildPhase;
			buildActionMask = 2147483647;
			files = (
			);
			runOnlyForDeploymentPostprocessing = 0;
		};
		740E80BA2A77A4CC00D92D24 /* Frameworks */ = {
			isa = PBXFrameworksBuildPhase;
			buildActionMask = 2147483647;
			files = (
			);
			runOnlyForDeploymentPostprocessing = 0;
		};
		740E80C42A77A4CC00D92D24 /* Frameworks */ = {
			isa = PBXFrameworksBuildPhase;
			buildActionMask = 2147483647;
			files = (
			);
			runOnlyForDeploymentPostprocessing = 0;
		};
/* End PBXFrameworksBuildPhase section */

/* Begin PBXGroup section */
		740E80A42A77A4CB00D92D24 = {
			isa = PBXGroup;
			children = (
				740E80AF2A77A4CB00D92D24 /* morsenator */,
				740E80C02A77A4CC00D92D24 /* morsenatorTests */,
				740E80CA2A77A4CC00D92D24 /* morsenatorUITests */,
				740E80AE2A77A4CB00D92D24 /* Products */,
			);
			sourceTree = "<group>";
		};
		740E80AE2A77A4CB00D92D24 /* Products */ = {
			isa = PBXGroup;
			children = (
				740E80AD2A77A4CB00D92D24 /* morsenator.app */,
				740E80BD2A77A4CC00D92D24 /* morsenatorTests.xctest */,
				740E80C72A77A4CC00D92D24 /* morsenatorUITests.xctest */,
			);
			name = Products;
			sourceTree = "<group>";
		};
		740E80AF2A77A4CB00D92D24 /* morsenator */ = {
			isa = PBXGroup;
			children = (
				740E80B02A77A4CB00D92D24 /* morsenatorApp.swift */,
				740E80B22A77A4CB00D92D24 /* ContentView.swift */,
				740E80B42A77A4CC00D92D24 /* Assets.xcassets */,
				740E80B62A77A4CC00D92D24 /* Preview Content */,
			);
			path = morsenator;
			sourceTree = "<group>";
		};
		740E80B62A77A4CC00D92D24 /* Preview Content */ = {
			isa = PBXGroup;
			children = (
				740E80B72A77A4CC00D92D24 /* Preview Assets.xcassets */,
			);
			path = "Preview Content";
			sourceTree = "<group>";
		};
		740E80C02A77A4CC00D92D24 /* morsenatorTests */ = {
			isa = PBXGroup;
			children = (
				740E80C12A77A4CC00D92D24 /* morsenatorTests.swift */,
			);
			path = morsenatorTests;
			sourceTree = "<group>";
		};
		740E80CA2A77A4CC00D92D24 /* morsenatorUITests */ = {
			isa = PBXGroup;
			children = (
				740E80CB2A77A4CC00D92D24 /* morsenatorUITests.swift */,
				740E80CD2A77A4CC00D92D24 /* morsenatorUITestsLaunchTests.swift */,
			);
			path = morsenatorUITests;
			sourceTree = "<group>";
		};
/* End PBXGroup section */

/* Begin PBXNativeTarget section */
		740E80AC2A77A4CB00D92D24 /* morsenator */ = {
			isa = PBXNativeTarget;
			buildConfigurationList = 740E80D12A77A4CC00D92D24 /* Build configuration list for PBXNativeTarget "morsenator" */;
			buildPhases = (
				740E80A92A77A4CB00D92D24 /* Sources */,
				740E80AA2A77A4CB00D92D24 /* Frameworks */,
				740E80AB2A77A4CB00D92D24 /* Resources */,
			);
			buildRules = (
			);
			dependencies = (
			);
			name = morsenator;
			productName = morsenator;
			productReference = 740E80AD2A77A4CB00D92D24 /* morsenator.app */;
			productType = "com.apple.product-type.application";
		};
		740E80BC2A77A4CC00D92D24 /* morsenatorTests */ = {
			isa = PBXNativeTarget;
			buildConfigurationList = 740E80D42A77A4CC00D92D24 /* Build configuration list for PBXNativeTarget "morsenatorTests" */;
			buildPhases = (
				740E80B92A77A4CC00D92D24 /* Sources */,
				740E80BA2A77A4CC00D92D24 /* Frameworks */,
				740E80BB2A77A4CC00D92D24 /* Resources */,
			);
			buildRules = (
			);
			dependencies = (
				740E80BF2A77A4CC00D92D24 /* PBXTargetDependency */,
			);
			name = morsenatorTests;
			productName = morsenatorTests;
			productReference = 740E80BD2A77A4CC00D92D24 /* morsenatorTests.xctest */;
			productType = "com.apple.product-type.bundle.unit-test";
		};
		740E80C62A77A4CC00D92D24 /* morsenatorUITests */ = {
			isa = PBXNativeTarget;
			buildConfigurationList = 740E80D72A77A4CC00D92D24 /* Build configuration list for PBXNativeTarget "morsenatorUITests" */;
			buildPhases = (
				740E80C32A77A4CC00D92D24 /* Sources */,
				740E80C42A77A4CC00D92D24 /* Frameworks */,
				740E80C52A77A4CC00D92D24 /* Resources */,
			);
			buildRules = (
			);
			dependencies = (
				740E80C92A77A4CC00D92D24 /* PBXTargetDependency */,
			);
			name = morsenatorUITests;
			productName = morsenatorUITests;
			productReference = 740E80C72A77A4CC00D92D24 /* morsenatorUITests.xctest */;
			productType = "com.apple.product-type.bundle.ui-testing";
		};
/* End PBXNativeTarget section */

/* Begin PBXProject section */
		740E80A52A77A4CB00D92D24 /* Project object */ = {
			isa = PBXProject;
			attributes = {
				BuildIndependentTargetsInParallel = 1;
				LastSwiftUpdateCheck = 1430;
				LastUpgradeCheck = 1430;
				TargetAttributes = {
					740E80AC2A77A4CB00D92D24 = {
						CreatedOnToolsVersion = 14.3.1;
					};
					740E80BC2A77A4CC00D92D24 = {
						CreatedOnToolsVersion = 14.3.1;
						TestTargetID = 740E80AC2A77A4CB00D92D24;
					};
					740E80C62A77A4CC00D92D24 = {
						CreatedOnToolsVersion = 14.3.1;
						TestTargetID = 740E80AC2A77A4CB00D92D24;
					};
				};
			};
			buildConfigurationList = 740E80A82A77A4CB00D92D24 /* Build configuration list for PBXProject "morsenator" */;
			compatibilityVersion = "Xcode 14.0";
			developmentRegion = en;
			hasScannedForEncodings = 0;
			knownRegions = (
				en,
				Base,
			);
			mainGroup = 740E80A42A77A4CB00D92D24;
			productRefGroup = 740E80AE2A77A4CB00D92D24 /* Products */;
			projectDirPath = "";
			projectRoot = "";
			targets = (
				740E80AC2A77A4CB00D92D24 /* morsenator */,
				740E80BC2A77A4CC00D92D24 /* morsenatorTests */,
				740E80C62A77A4CC00D92D24 /* morsenatorUITests */,
			);
		};
/* End PBXProject section */

/* Begin PBXResourcesBuildPhase section */
		740E80AB2A77A4CB00D92D24 /* Resources */ = {
			isa = PBXResourcesBuildPhase;
			buildActionMask = 2147483647;
			files = (
				740E80B82A77A4CC00D92D24 /* Preview Assets.xcassets in Resources */,
				740E80B52A77A4CC00D92D24 /* Assets.xcassets in Resources */,
			);
			runOnlyForDeploymentPostprocessing = 0;
		};
		740E80BB2A77A4CC00D92D24 /* Resources */ = {
			isa = PBXResourcesBuildPhase;
			buildActionMask = 2147483647;
			files = (
			);
			runOnlyForDeploymentPostprocessing = 0;
		};
		740E80C52A77A4CC00D92D24 /* Resources */ = {
			isa = PBXResourcesBuildPhase;
			buildActionMask = 2147483647;
			files = (
			);
			runOnlyForDeploymentPostprocessing = 0;
		};
/* End PBXResourcesBuildPhase section */

/* Begin PBXSourcesBuildPhase section */
		740E80A92A77A4CB00D92D24 /* Sources */ = {
			isa = PBXSourcesBuildPhase;
			buildActionMask = 2147483647;
			files = (
				740E80B32A77A4CB00D92D24 /* ContentView.swift in Sources */,
				740E80B12A77A4CB00D92D24 /* morsenatorApp.swift in Sources */,
			);
			runOnlyForDeploymentPostprocessing = 0;
		};
		740E80B92A77A4CC00D92D24 /* Sources */ = {
			isa = PBXSourcesBuildPhase;
			buildActionMask = 2147483647;
			files = (
				740E80C22A77A4CC00D92D24 /* morsenatorTests.swift in Sources */,
			);
			runOnlyForDeploymentPostprocessing = 0;
		};
		740E80C32A77A4CC00D92D24 /* Sources */ = {
			isa = PBXSourcesBuildPhase;
			buildActionMask = 2147483647;
			files = (
				740E80CE2A77A4CC00D92D24 /* morsenatorUITestsLaunchTests.swift in Sources */,
				740E80CC2A77A4CC00D92D24 /* morsenatorUITests.swift in Sources */,
			);
			runOnlyForDeploymentPostprocessing = 0;
		};
/* End PBXSourcesBuildPhase section */

/* Begin PBXTargetDependency section */
		740E80BF2A77A4CC00D92D24 /* PBXTargetDependency */ = {
			isa = PBXTargetDependency;
			target = 740E80AC2A77A4CB00D92D24 /* morsenator */;
			targetProxy = 740E80BE2A77A4CC00D92D24 /* PBXContainerItemProxy */;
		};
		740E80C92A77A4CC00D92D24 /* PBXTargetDependency */ = {
			isa = PBXTargetDependency;
			target = 740E80AC2A77A4CB00D92D24 /* morsenator */;
			targetProxy = 740E80C82A77A4CC00D92D24 /* PBXContainerItemProxy */;
		};
/* End PBXTargetDependency section */

/* Begin XCBuildConfiguration section */
		740E80CF2A77A4CC00D92D24 /* Debug */ = {
			isa = XCBuildConfiguration;
			buildSettings = {
				ALWAYS_SEARCH_USER_PATHS = NO;
				CLANG_ANALYZER_NONNULL = YES;
				CLANG_ANALYZER_NUMBER_OBJECT_CONVERSION = YES_AGGRESSIVE;
				CLANG_CXX_LANGUAGE_STANDARD = "gnu++20";
				CLANG_ENABLE_MODULES = YES;
				CLANG_ENABLE_OBJC_ARC = YES;
				CLANG_ENABLE_OBJC_WEAK = YES;
				CLANG_WARN_BLOCK_CAPTURE_AUTORELEASING = YES;
				CLANG_WARN_BOOL_CONVERSION = YES;
				CLANG_WARN_COMMA = YES;
				CLANG_WARN_CONSTANT_CONVERSION = YES;
				CLANG_WARN_DEPRECATED_OBJC_IMPLEMENTATIONS = YES;
				CLANG_WARN_DIRECT_OBJC_ISA_USAGE = YES_ERROR;
				CLANG_WARN_DOCUMENTATION_COMMENTS = YES;
				CLANG_WARN_EMPTY_BODY = YES;
				CLANG_WARN_ENUM_CONVERSION = YES;
				CLANG_WARN_INFINITE_RECURSION = YES;
				CLANG_WARN_INT_CONVERSION = YES;
				CLANG_WARN_NON_LITERAL_NULL_CONVERSION = YES;
				CLANG_WARN_OBJC_IMPLICIT_RETAIN_SELF = YES;
				CLANG_WARN_OBJC_LITERAL_CONVERSION = YES;
				CLANG_WARN_OBJC_ROOT_CLASS = YES_ERROR;
				CLANG_WARN_QUOTED_INCLUDE_IN_FRAMEWORK_HEADER = YES;
				CLANG_WARN_RANGE_LOOP_ANALYSIS = YES;
				CLANG_WARN_STRICT_PROTOTYPES = YES;
				CLANG_WARN_SUSPICIOUS_MOVE = YES;
				CLANG_WARN_UNGUARDED_AVAILABILITY = YES_AGGRESSIVE;
				CLANG_WARN_UNREACHABLE_CODE = YES;
				CLANG_WARN__DUPLICATE_METHOD_MATCH = YES;
				COPY_PHASE_STRIP = NO;
				DEBUG_INFORMATION_FORMAT = dwarf;
				ENABLE_STRICT_OBJC_MSGSEND = YES;
				ENABLE_TESTABILITY = YES;
				GCC_C_LANGUAGE_STANDARD = gnu11;
				GCC_DYNAMIC_NO_PIC = NO;
				GCC_NO_COMMON_BLOCKS = YES;
				GCC_OPTIMIZATION_LEVEL = 0;
				GCC_PREPROCESSOR_DEFINITIONS = (
					"DEBUG=1",
					"$(inherited)",
				);
				GCC_WARN_64_TO_32_BIT_CONVERSION = YES;
				GCC_WARN_ABOUT_RETURN_TYPE = YES_ERROR;
				GCC_WARN_UNDECLARED_SELECTOR = YES;
				GCC_WARN_UNINITIALIZED_AUTOS = YES_AGGRESSIVE;
				GCC_WARN_UNUSED_FUNCTION = YES;
				GCC_WARN_UNUSED_VARIABLE = YES;
				IPHONEOS_DEPLOYMENT_TARGET = 16.4;
				MTL_ENABLE_DEBUG_INFO = INCLUDE_SOURCE;
				MTL_FAST_MATH = YES;
				ONLY_ACTIVE_ARCH = YES;
				SDKROOT = iphoneos;
				SWIFT_ACTIVE_COMPILATION_CONDITIONS = DEBUG;
				SWIFT_OPTIMIZATION_LEVEL = "-Onone";
			};
			name = Debug;
		};
		740E80D02A77A4CC00D92D24 /* Release */ = {
			isa = XCBuildConfiguration;
			buildSettings = {
				ALWAYS_SEARCH_USER_PATHS = NO;
				CLANG_ANALYZER_NONNULL = YES;
				CLANG_ANALYZER_NUMBER_OBJECT_CONVERSION = YES_AGGRESSIVE;
				CLANG_CXX_LANGUAGE_STANDARD = "gnu++20";
				CLANG_ENABLE_MODULES = YES;
				CLANG_ENABLE_OBJC_ARC = YES;
				CLANG_ENABLE_OBJC_WEAK = YES;
				CLANG_WARN_BLOCK_CAPTURE_AUTORELEASING = YES;
				CLANG_WARN_BOOL_CONVERSION = YES;
				CLANG_WARN_COMMA = YES;
				CLANG_WARN_CONSTANT_CONVERSION = YES;
				CLANG_WARN_DEPRECATED_OBJC_IMPLEMENTATIONS = YES;
				CLANG_WARN_DIRECT_OBJC_ISA_USAGE = YES_ERROR;
				CLANG_WARN_DOCUMENTATION_COMMENTS = YES;
				CLANG_WARN_EMPTY_BODY = YES;
				CLANG_WARN_ENUM_CONVERSION = YES;
				CLANG_WARN_INFINITE_RECURSION = YES;
				CLANG_WARN_INT_CONVERSION = YES;
				CLANG_WARN_NON_LITERAL_NULL_CONVERSION = YES;
				CLANG_WARN_OBJC_IMPLICIT_RETAIN_SELF = YES;
				CLANG_WARN_OBJC_LITERAL_CONVERSION = YES;
				CLANG_WARN_OBJC_ROOT_CLASS = YES_ERROR;
				CLANG_WARN_QUOTED_INCLUDE_IN_FRAMEWORK_HEADER = YES;
				CLANG_WARN_RANGE_LOOP_ANALYSIS = YES;
				CLANG_WARN_STRICT_PROTOTYPES = YES;
				CLANG_WARN_SUSPICIOUS_MOVE = YES;
				CLANG_WARN_UNGUARDED_AVAILABILITY = YES_AGGRESSIVE;
				CLANG_WARN_UNREACHABLE_CODE = YES;
				CLANG_WARN__DUPLICATE_METHOD_MATCH = YES;
				COPY_PHASE_STRIP = NO;
				DEBUG_INFORMATION_FORMAT = "dwarf-with-dsym";
				ENABLE_NS_ASSERTIONS = NO;
				ENABLE_STRICT_OBJC_MSGSEND = YES;
				GCC_C_LANGUAGE_STANDARD = gnu11;
				GCC_NO_COMMON_BLOCKS = YES;
				GCC_WARN_64_TO_32_BIT_CONVERSION = YES;
				GCC_WARN_ABOUT_RETURN_TYPE = YES_ERROR;
				GCC_WARN_UNDECLARED_SELECTOR = YES;
				GCC_WARN_UNINITIALIZED_AUTOS = YES_AGGRESSIVE;
				GCC_WARN_UNUSED_FUNCTION = YES;
				GCC_WARN_UNUSED_VARIABLE = YES;
				IPHONEOS_DEPLOYMENT_TARGET = 16.4;
				MTL_ENABLE_DEBUG_INFO = NO;
				MTL_FAST_MATH = YES;
				SDKROOT = iphoneos;
				SWIFT_COMPILATION_MODE = wholemodule;
				SWIFT_OPTIMIZATION_LEVEL = "-O";
				VALIDATE_PRODUCT = YES;
			};
			name = Release;
		};
		740E80D22A77A4CC00D92D24 /* Debug */ = {
			isa = XCBuildConfiguration;
			buildSettings = {
				ASSETCATALOG_COMPILER_APPICON_NAME = AppIcon;
				ASSETCATALOG_COMPILER_GLOBAL_ACCENT_COLOR_NAME = AccentColor;
				CODE_SIGN_STYLE = Automatic;
				CURRENT_PROJECT_VERSION = 1;
				DEVELOPMENT_ASSET_PATHS = "\"morsenator/Preview Content\"";
				DEVELOPMENT_TEAM = MTGV8S7M8J;
				ENABLE_PREVIEWS = YES;
				GENERATE_INFOPLIST_FILE = YES;
				INFOPLIST_KEY_UIApplicationSceneManifest_Generation = YES;
				INFOPLIST_KEY_UIApplicationSupportsIndirectInputEvents = YES;
				INFOPLIST_KEY_UILaunchScreen_Generation = YES;
				INFOPLIST_KEY_UISupportedInterfaceOrientations_iPad = "UIInterfaceOrientationPortrait UIInterfaceOrientationPortraitUpsideDown UIInterfaceOrientationLandscapeLeft UIInterfaceOrientationLandscapeRight";
				INFOPLIST_KEY_UISupportedInterfaceOrientations_iPhone = "UIInterfaceOrientationPortrait UIInterfaceOrientationLandscapeLeft UIInterfaceOrientationLandscapeRight";
				LD_RUNPATH_SEARCH_PATHS = (
					"$(inherited)",
					"@executable_path/Frameworks",
				);
				MARKETING_VERSION = 1.0;
				PRODUCT_BUNDLE_IDENTIFIER = apple.cip.morsenator;
				PRODUCT_NAME = "$(TARGET_NAME)";
				SWIFT_EMIT_LOC_STRINGS = YES;
				SWIFT_VERSION = 5.0;
				TARGETED_DEVICE_FAMILY = "1,2";
			};
			name = Debug;
		};
		740E80D32A77A4CC00D92D24 /* Release */ = {
			isa = XCBuildConfiguration;
			buildSettings = {
				ASSETCATALOG_COMPILER_APPICON_NAME = AppIcon;
				ASSETCATALOG_COMPILER_GLOBAL_ACCENT_COLOR_NAME = AccentColor;
				CODE_SIGN_STYLE = Automatic;
				CURRENT_PROJECT_VERSION = 1;
				DEVELOPMENT_ASSET_PATHS = "\"morsenator/Preview Content\"";
				DEVELOPMENT_TEAM = MTGV8S7M8J;
				ENABLE_PREVIEWS = YES;
				GENERATE_INFOPLIST_FILE = YES;
				INFOPLIST_KEY_UIApplicationSceneManifest_Generation = YES;
				INFOPLIST_KEY_UIApplicationSupportsIndirectInputEvents = YES;
				INFOPLIST_KEY_UILaunchScreen_Generation = YES;
				INFOPLIST_KEY_UISupportedInterfaceOrientations_iPad = "UIInterfaceOrientationPortrait UIInterfaceOrientationPortraitUpsideDown UIInterfaceOrientationLandscapeLeft UIInterfaceOrientationLandscapeRight";
				INFOPLIST_KEY_UISupportedInterfaceOrientations_iPhone = "UIInterfaceOrientationPortrait UIInterfaceOrientationLandscapeLeft UIInterfaceOrientationLandscapeRight";
				LD_RUNPATH_SEARCH_PATHS = (
					"$(inherited)",
					"@executable_path/Frameworks",
				);
				MARKETING_VERSION = 1.0;
				PRODUCT_BUNDLE_IDENTIFIER = apple.cip.morsenator;
				PRODUCT_NAME = "$(TARGET_NAME)";
				SWIFT_EMIT_LOC_STRINGS = YES;
				SWIFT_VERSION = 5.0;
				TARGETED_DEVICE_FAMILY = "1,2";
			};
			name = Release;
		};
		740E80D52A77A4CC00D92D24 /* Debug */ = {
			isa = XCBuildConfiguration;
			buildSettings = {
				ALWAYS_EMBED_SWIFT_STANDARD_LIBRARIES = YES;
				BUNDLE_LOADER = "$(TEST_HOST)";
				CODE_SIGN_STYLE = Automatic;
				CURRENT_PROJECT_VERSION = 1;
				DEVELOPMENT_TEAM = MTGV8S7M8J;
				GENERATE_INFOPLIST_FILE = YES;
				IPHONEOS_DEPLOYMENT_TARGET = 16.4;
				MARKETING_VERSION = 1.0;
				PRODUCT_BUNDLE_IDENTIFIER = apple.cip.morsenatorTests;
				PRODUCT_NAME = "$(TARGET_NAME)";
				SWIFT_EMIT_LOC_STRINGS = NO;
				SWIFT_VERSION = 5.0;
				TARGETED_DEVICE_FAMILY = "1,2";
				TEST_HOST = "$(BUILT_PRODUCTS_DIR)/morsenator.app/$(BUNDLE_EXECUTABLE_FOLDER_PATH)/morsenator";
			};
			name = Debug;
		};
		740E80D62A77A4CC00D92D24 /* Release */ = {
			isa = XCBuildConfiguration;
			buildSettings = {
				ALWAYS_EMBED_SWIFT_STANDARD_LIBRARIES = YES;
				BUNDLE_LOADER = "$(TEST_HOST)";
				CODE_SIGN_STYLE = Automatic;
				CURRENT_PROJECT_VERSION = 1;
				DEVELOPMENT_TEAM = MTGV8S7M8J;
				GENERATE_INFOPLIST_FILE = YES;
				IPHONEOS_DEPLOYMENT_TARGET = 16.4;
				MARKETING_VERSION = 1.0;
				PRODUCT_BUNDLE_IDENTIFIER = apple.cip.morsenatorTests;
				PRODUCT_NAME = "$(TARGET_NAME)";
				SWIFT_EMIT_LOC_STRINGS = NO;
				SWIFT_VERSION = 5.0;
				TARGETED_DEVICE_FAMILY = "1,2";
				TEST_HOST = "$(BUILT_PRODUCTS_DIR)/morsenator.app/$(BUNDLE_EXECUTABLE_FOLDER_PATH)/morsenator";
			};
			name = Release;
		};
		740E80D82A77A4CC00D92D24 /* Debug */ = {
			isa = XCBuildConfiguration;
			buildSettings = {
				ALWAYS_EMBED_SWIFT_STANDARD_LIBRARIES = YES;
				CODE_SIGN_STYLE = Automatic;
				CURRENT_PROJECT_VERSION = 1;
				DEVELOPMENT_TEAM = MTGV8S7M8J;
				GENERATE_INFOPLIST_FILE = YES;
				MARKETING_VERSION = 1.0;
				PRODUCT_BUNDLE_IDENTIFIER = apple.cip.morsenatorUITests;
				PRODUCT_NAME = "$(TARGET_NAME)";
				SWIFT_EMIT_LOC_STRINGS = NO;
				SWIFT_VERSION = 5.0;
				TARGETED_DEVICE_FAMILY = "1,2";
				TEST_TARGET_NAME = morsenator;
			};
			name = Debug;
		};
		740E80D92A77A4CC00D92D24 /* Release */ = {
			isa = XCBuildConfiguration;
			buildSettings = {
				ALWAYS_EMBED_SWIFT_STANDARD_LIBRARIES = YES;
				CODE_SIGN_STYLE = Automatic;
				CURRENT_PROJECT_VERSION = 1;
				DEVELOPMENT_TEAM = MTGV8S7M8J;
				GENERATE_INFOPLIST_FILE = YES;
				MARKETING_VERSION = 1.0;
				PRODUCT_BUNDLE_IDENTIFIER = apple.cip.morsenatorUITests;
				PRODUCT_NAME = "$(TARGET_NAME)";
				SWIFT_EMIT_LOC_STRINGS = NO;
				SWIFT_VERSION = 5.0;
				TARGETED_DEVICE_FAMILY = "1,2";
				TEST_TARGET_NAME = morsenator;
			};
			name = Release;
		};
/* End XCBuildConfiguration section */

/* Begin XCConfigurationList section */
		740E80A82A77A4CB00D92D24 /* Build configuration list for PBXProject "morsenator" */ = {
			isa = XCConfigurationList;
			buildConfigurations = (
				740E80CF2A77A4CC00D92D24 /* Debug */,
				740E80D02A77A4CC00D92D24 /* Release */,
			);
			defaultConfigurationIsVisible = 0;
			defaultConfigurationName = Release;
		};
		740E80D12A77A4CC00D92D24 /* Build configuration list for PBXNativeTarget "morsenator" */ = {
			isa = XCConfigurationList;
			buildConfigurations = (
				740E80D22A77A4CC00D92D24 /* Debug */,
				740E80D32A77A4CC00D92D24 /* Release */,
			);
			defaultConfigurationIsVisible = 0;
			defaultConfigurationName = Release;
		};
		740E80D42A77A4CC00D92D24 /* Build configuration list for PBXNativeTarget "morsenatorTests" */ = {
			isa = XCConfigurationList;
			buildConfigurations = (
				740E80D52A77A4CC00D92D24 /* Debug */,
				740E80D62A77A4CC00D92D24 /* Release */,
			);
			defaultConfigurationIsVisible = 0;
			defaultConfigurationName = Release;
		};
		740E80D72A77A4CC00D92D24 /* Build configuration list for PBXNativeTarget "morsenatorUITests" */ = {
			isa = XCConfigurationList;
			buildConfigurations = (
				740E80D82A77A4CC00D92D24 /* Debug */,
				740E80D92A77A4CC00D92D24 /* Release */,
			);
			defaultConfigurationIsVisible = 0;
			defaultConfigurationName = Release;
		};
/* End XCConfigurationList section */
	};
	rootObject = 740E80A52A77A4CB00D92D24 /* Project object */;
}
